version = 1
revision = 3
requires-python = "==3.13.*"

[[package]]
name = "av"
version = "13.1.0"
source = { registry = "https://pypi.org/simple" }
sdist = { url = "https://files.pythonhosted.org/packages/0c/9d/486d31e76784cc0ad943f420c5e05867263b32b37e2f4b0f7f22fdc1ca3a/av-13.1.0.tar.gz", hash = "sha256:d3da736c55847d8596eb8c26c60e036f193001db3bc5c10da8665622d906c17e", size = 3957908, upload-time = "2024-10-06T04:54:57.507Z" }
wheels = [
    { url = "https://files.pythonhosted.org/packages/82/6e/cdce12e534570df37d3fdcb3a74851d39e9ab79d388f3174dea9785a011a/av-13.1.0-cp313-cp313-macosx_10_13_x86_64.whl", hash = "sha256:47642ebaebfe20519b2391bd5b7c38b596efcd052bfd09c8d33058f94ddd0fd6", size = 24229340, upload-time = "2024-10-06T04:53:33.25Z" },
    { url = "https://files.pythonhosted.org/packages/7c/88/5359aeada9ea509426f2db63b6531833824a1b02470667b103479ddea7ae/av-13.1.0-cp313-cp313-macosx_11_0_arm64.whl", hash = "sha256:2f079c2daa3ae06557b3f6e9bed4fb9c876e8012175bec645ccd007199a302db", size = 19436445, upload-time = "2024-10-06T04:53:36.573Z" },
    { url = "https://files.pythonhosted.org/packages/b4/d4/64995e5b800476c86dae4ea1444a0eac44e2c4985fac6401b08401e2df11/av-13.1.0-cp313-cp313-manylinux_2_17_aarch64.manylinux2014_aarch64.whl", hash = "sha256:1f0de8252deeeb1887637e88d4d9d18514e5cfe276bdb9e6ca8e9eef89d1667a", size = 32120549, upload-time = "2024-10-06T04:53:39.752Z" },
    { url = "https://files.pythonhosted.org/packages/68/76/9910694cf87d2d308d851f5b2b5c5b20f7f55411f596e2c158fb13bf84a3/av-13.1.0-cp313-cp313-manylinux_2_17_i686.manylinux2014_i686.whl", hash = "sha256:9ad0024f4def11b0cedfeee478fa6c6fd7ed3955e13387e0f27261fdda6121b4", size = 31495305, upload-time = "2024-10-06T04:53:43.661Z" },
    { url = "https://files.pythonhosted.org/packages/6a/a8/cd92de947b9595a0eb2c64e6f7ba295aac2687972050ae092173c2f6ea0c/av-13.1.0-cp313-cp313-manylinux_2_17_x86_64.manylinux2014_x86_64.whl", hash = "sha256:cb88e2590eaed45233eb117f1dfab1a43ed9a997b2c46da9f08468dd00f14895", size = 34065325, upload-time = "2024-10-06T04:53:47.25Z" },
    { url = "https://files.pythonhosted.org/packages/9d/d0/9869fcbd66422df2033d4b78a663e3c64aa6fe7eb9189c811d60f69d9871/av-13.1.0-cp313-cp313-win_amd64.whl", hash = "sha256:c927e4fa4f6aeed4340b3e3b16b237d7cb743e5c1a55b92307407590ca4112aa", size = 25754728, upload-time = "2024-10-06T04:53:50.603Z" },
]

[[package]]
name = "camera-edge"
version = "0.1.0"
source = { editable = "." }
dependencies = [
    { name = "av" },
    { name = "websockets" },
]

[package.optional-dependencies]
dev = [
    { name = "pytest" },
    { name = "pytest-asyncio" },
    { name = "ruff" },
]

[package.metadata]
requires-dist = [
    { name = "av", specifier = ">=13,<14" },
    { name = "pytest", marker = "extra == 'dev'", specifier = ">=8,<9" },
    { name = "pytest-asyncio", marker = "extra == 'dev'", specifier = ">=0.24,<0.25" },
    { name = "ruff", marker = "extra == 'dev'", specifier = ">=0.9,<0.10" },
    { name = "websockets", specifier = ">=13,<14" },
]
provides-extras = ["dev"]

[[package]]
name = "colorama"
version = "0.4.6"
source = { registry = "https://pypi.org/simple" }
sdist = { url = "https://files.pythonhosted.org/packages/d8/53/6f443c9a4a8358a93a6792e2acffb9d9d5cb0a5cfd8802644b7b1c9a02e4/colorama-0.4.6.tar.gz", hash = "sha256:08695f5cb7ed6e0531a20572697297273c47b8cae5a63ffc6d6ed5c201be6e44", size = 27697, upload-time = "2022-10-25T02:36:22.414Z" }
wheels = [
    { url = "https://files.pythonhosted.org/packages/d1/d6/3965ed04c63042e047cb6a3e6ed1a63a35087b6a609aa3a15ed8ac56c221/colorama-0.4.6-py2.py3-none-any.whl", hash = "sha256:4f1d9991f5acc0ca119f9d443620b77f9d6b33703e51011c16baf57afb285fc6", size = 25335, upload-time = "2022-10-25T02:36:20.889Z" },
]

[[package]]
name = "iniconfig"
version = "2.3.0"
source = { registry = "https://pypi.org/simple" }
sdist = { url = "https://files.pythonhosted.org/packages/72/34/14ca021ce8e5dfedc35312d08ba8bf51fdd999c576889fc2c24cb97f4f10/iniconfig-2.3.0.tar.gz", hash = "sha256:c76315c77db068650d49c5b56314774a7804df16fee4402c1f19d6d15d8c4730", size = 20503, upload-time = "2025-10-18T21:55:43.219Z" }
wheels = [
    { url = "https://files.pythonhosted.org/packages/cb/b1/3846dd7f199d53cb17f49cba7e651e9ce294d8497c8c150530ed11865bb8/iniconfig-2.3.0-py3-none-any.whl", hash = "sha256:f631c04d2c48c52b84d0d0549c99ff3859c98df65b3101406327ecc7d53fbf12", size = 7484, upload-time = "2025-10-18T21:55:41.639Z" },
]

[[package]]
name = "packaging"
version = "26.3"
source = { registry = "https://pypi.org/simple" }
sdist = { url = "https://files.pythonhosted.org/packages/7d/fa/3944b40b07da9ce895c0e6303a5ab7d53da063554f534556b134a54d6093/packaging-26.3.tar.gz", hash = "sha256:94edc256424af38762eb31306eed28beb9f0efc50a8837492c9d6fd6004aed79", size = 313412, upload-time = "2026-08-04T18:15:28.737Z" }
wheels = [
    { url = "https://files.pythonhosted.org/packages/63/34/ba1c580383c9eada3711951fef0795c80b829a078d72188184bcab9dd527/packaging-26.3-py3-none-any.whl", hash = "sha256:d7193f7c8e4e93f444fde0262bf90af30e16fa0ad0ad44cb553c87339b23cd1c", size = 129956, upload-time = "2026-08-04T18:15:27.159Z" },
]

[[package]]
name = "pluggy"
version = "1.6.0"
source = { registry = "https://pypi.org/simple" }
sdist = { url = "https://files.pythonhosted.org/packages/f9/e2/3e91f31a7d2b083fe6ef3fa267035b518369d9511ffab804f839851d2779/pluggy-1.6.0.tar.gz", hash = "sha256:7dcc130b76258d33b90f61b658791dede3486c3e6bfb003ee5c9bfb396dd22f3", size = 69412, upload-time = "2025-05-15T12:30:07.975Z" }
wheels = [
    { url = "https://files.pythonhosted.org/packages/54/20/4d324d65cc6d9205fabedc306948156824eb9f0ee1633355a8f7ec5c66bf/pluggy-1.6.0-py3-none-any.whl", hash = "sha256:e920276dd6813095e9377c0bc5566d94c932c33b27a3e3945d8389c374dd4746", size = 20538, upload-time = "2025-05-15T12:30:06.134Z" },
]

[[package]]
name = "pygments"
version = "2.21.0"
source = { registry = "https://pypi.org/simple" }
sdist = { url = "https://files.pythonhosted.org/packages/49/2e/ced460408999b33da6b31b0021b0f37d329e202d4169aeb164493778f25b/pygments-2.21.0.tar.gz", hash = "sha256:610ca751c9bc2492b38eb9a38a7fbc93edbbb2d7182edaf34e66ae493dee5c8c", size = 5005329, upload-time = "2026-08-17T08:02:48.824Z" }
wheels = [
    { url = "https://files.pythonhosted.org/packages/71/46/17f022dd3e953bf20a04a028a21ec746d942f8d2af30fa0f124fa0e6a684/pygments-2.21.0-py3-none-any.whl", hash = "sha256:2363c69b61c4a97c838da3b130dcd6468f4848992b21a82f2a63ec34377137d9", size = 1250147, upload-time = "2026-08-17T08:02:44.912Z" },
]

[[package]]
name = "pytest"
version = "8.4.2"
source = { registry = "https://pypi.org/simple" }
dependencies = [
    { name = "colorama", marker = "sys_platform == 'win32'" },
    { name = "iniconfig" },
    { name = "packaging" },
    { name = "pluggy" },
    { name = "pygments" },
]
sdist = { url = "https://files.pythonhosted.org/packages/a3/5c/00a0e072241553e1a7496d638deababa67c5058571567b92a7eaa258397c/pytest-8.4.2.tar.gz", hash = "sha256:86c0d0b93306b961d58d62a4db4879f27fe25513d4b969df351abdddb3c30e01", size = 1519618, upload-time = "2025-09-04T14:34:22.711Z" }
wheels = [
    { url = "https://files.pythonhosted.org/packages/a8/a4/20da314d277121d6534b3a980b29035dcd51e6744bd79075a6ce8fa4eb8d/pytest-8.4.2-py3-none-any.whl", hash = "sha256:872f880de3fc3a5bdc88a11b39c9710c3497a547cfa9320bc3c5e62fbf272e79", size = 365750, upload-time = "2025-09-04T14:34:20.226Z" },
]

[[package]]
name = "pytest-asyncio"
version = "0.24.0"
source = { registry = "https://pypi.org/simple" }
dependencies = [
    { name = "pytest" },
]
sdist = { url = "https://files.pythonhosted.org/packages/52/6d/c6cf50ce320cf8611df7a1254d86233b3df7cc07f9b5f5cbcb82e08aa534/pytest_asyncio-0.24.0.tar.gz", hash = "sha256:d081d828e576d85f875399194281e92bf8a68d60d72d1a2faf2feddb6c46b276", size = 49855, upload-time = "2024-08-22T08:03:18.145Z" }
wheels = [
    { url = "https://files.pythonhosted.org/packages/96/31/6607dab48616902f76885dfcf62c08d929796fc3b2d2318faf9fd54dbed9/pytest_asyncio-0.24.0-py3-none-any.whl", hash = "sha256:a811296ed596b69bf0b6f3dc40f83bcaf341b155a269052d82efa2b25ac7037b", size = 18024, upload-time = "2024-08-22T08:03:15.536Z" },
]

[[package]]
name = "ruff"
version = "0.9.10"
source = { registry = "https://pypi.org/simple" }
sdist = { url = "https://files.pythonhosted.org/packages/20/8e/fafaa6f15c332e73425d9c44ada85360501045d5ab0b81400076aff27cf6/ruff-0.9.10.tar.gz", hash = "sha256:9bacb735d7bada9cfb0f2c227d3658fc443d90a727b47f206fb33f52f3c0eac7", size = 3759776, upload-time = "2025-03-07T15:27:44.363Z" }
wheels = [
    { url = "https://files.pythonhosted.org/packages/73/b2/af7c2cc9e438cbc19fafeec4f20bfcd72165460fe75b2b6e9a0958c8c62b/ruff-0.9.10-py3-none-linux_armv6l.whl", hash = "sha256:eb4d25532cfd9fe461acc83498361ec2e2252795b4f40b17e80692814329e42d", size = 10049494, upload-time = "2025-03-07T15:26:51.268Z" },
    { url = "https://files.pythonhosted.org/packages/6d/12/03f6dfa1b95ddd47e6969f0225d60d9d7437c91938a310835feb27927ca0/ruff-0.9.10-py3-none-macosx_10_12_x86_64.whl", hash = "sha256:188a6638dab1aa9bb6228a7302387b2c9954e455fb25d6b4470cb0641d16759d", size = 10853584, upload-time = "2025-03-07T15:26:56.104Z" },
    { url = "https://files.pythonhosted.org/packages/02/49/1c79e0906b6ff551fb0894168763f705bf980864739572b2815ecd3c9df0/ruff-0.9.10-py3-none-macosx_11_0_arm64.whl", hash = "sha256:5284dcac6b9dbc2fcb71fdfc26a217b2ca4ede6ccd57476f52a587451ebe450d", size = 10155692, upload-time = "2025-03-07T15:27:01.385Z" },
    { url = "https://files.pythonhosted.org/packages/5b/01/85e8082e41585e0e1ceb11e41c054e9e36fed45f4b210991052d8a75089f/ruff-0.9.10-py3-none-manylinux_2_17_aarch64.manylinux2014_aarch64.whl", hash = "sha256:47678f39fa2a3da62724851107f438c8229a3470f533894b5568a39b40029c0c", size = 10369760, upload-time = "2025-03-07T15:27:04.023Z" },
    { url = "https://files.pythonhosted.org/packages/a1/90/0bc60bd4e5db051f12445046d0c85cc2c617095c0904f1aa81067dc64aea/ruff-0.9.10-py3-none-manylinux_2_17_armv7l.manylinux2014_armv7l.whl", hash = "sha256:99713a6e2766b7a17147b309e8c915b32b07a25c9efd12ada79f217c9c778b3e", size = 9912196, upload-time = "2025-03-07T15:27:06.93Z" },
    { url = "https://files.pythonhosted.org/packages/66/ea/0b7e8c42b1ec608033c4d5a02939c82097ddcb0b3e393e4238584b7054ab/ruff-0.9.10-py3-none-manylinux_2_17_i686.manylinux2014_i686.whl", hash = "sha256:524ee184d92f7c7304aa568e2db20f50c32d1d0caa235d8ddf10497566ea1a12", size = 11434985, upload-time = "2025-03-07T15:27:10.082Z" },
    { url = "https://files.pythonhosted.org/packages/d5/86/3171d1eff893db4f91755175a6e1163c5887be1f1e2f4f6c0c59527c2bfd/ruff-0.9.10-py3-none-manylinux_2_17_ppc64.manylinux2014_ppc64.whl", hash = "sha256:df92aeac30af821f9acf819fc01b4afc3dfb829d2782884f8739fb52a8119a16", size = 12155842, upload-time = "2025-03-07T15:27:12.727Z" },
    { url = "https://files.pythonhosted.org/packages/89/9e/700ca289f172a38eb0bca752056d0a42637fa17b81649b9331786cb791d7/ruff-0.9.10-py3-none-manylinux_2_17_ppc64le.manylinux2014_ppc64le.whl", hash = "sha256:de42e4edc296f520bb84954eb992a07a0ec5a02fecb834498415908469854a52", size = 11613804, upload-time = "2025-03-07T15:27:15.944Z" },
    { url = "https://files.pythonhosted.org/packages/f2/92/648020b3b5db180f41a931a68b1c8575cca3e63cec86fd26807422a0dbad/ruff-0.9.10-py3-none-manylinux_2_17_s390x.manylinux2014_s390x.whl", hash = "sha256:d257f95b65806104b6b1ffca0ea53f4ef98454036df65b1eda3693534813ecd1", size = 13823776, upload-time = "2025-03-07T15:27:18.996Z" },
    { url = "https://files.pythonhosted.org/packages/5e/a6/cc472161cd04d30a09d5c90698696b70c169eeba2c41030344194242db45/ruff-0.9.10-py3-none-manylinux_2_17_x86_64.manylinux2014_x86_64.whl", hash = "sha256:b60dec7201c0b10d6d11be00e8f2dbb6f40ef1828ee75ed739923799513db24c", size = 11302673, upload-time = "2025-03-07T15:27:21.655Z" },
    { url = "https://files.pythonhosted.org/packages/6c/db/d31c361c4025b1b9102b4d032c70a69adb9ee6fde093f6c3bf29f831c85c/ruff-0.9.10-py3-none-musllinux_1_2_aarch64.whl", hash = "sha256:d838b60007da7a39c046fcdd317293d10b845001f38bcb55ba766c3875b01e43", size = 10235358, upload-time = "2025-03-07T15:27:24.72Z" },
    { url = "https://files.pythonhosted.org/packages/d1/86/d6374e24a14d4d93ebe120f45edd82ad7dcf3ef999ffc92b197d81cdc2a5/ruff-0.9.10-py3-none-musllinux_1_2_armv7l.whl", hash = "sha256:ccaf903108b899beb8e09a63ffae5869057ab649c1e9231c05ae354ebc62066c", size = 9886177, upload-time = "2025-03-07T15:27:27.282Z" },
    { url = "https://files.pythonhosted.org/packages/00/62/a61691f6eaaac1e945a1f3f59f1eea9a218513139d5b6c2b8f88b43b5b8f/ruff-0.9.10-py3-none-musllinux_1_2_i686.whl", hash = "sha256:f9567d135265d46e59d62dc60c0bfad10e9a6822e231f5b24032dba5a55be6b5", size = 10864747, upload-time = "2025-03-07T15:27:30.637Z" },
    { url = "https://files.pythonhosted.org/packages/ee/94/2c7065e1d92a8a8a46d46d9c3cf07b0aa7e0a1e0153d74baa5e6620b4102/ruff-0.9.10-py3-none-musllinux_1_2_x86_64.whl", hash = "sha256:5f202f0d93738c28a89f8ed9eaba01b7be339e5d8d642c994347eaa81c6d75b8", size = 11360441, upload-time = "2025-03-07T15:27:33.356Z" },
    { url = "https://files.pythonhosted.org/packages/a7/8f/1f545ea6f9fcd7bf4368551fb91d2064d8f0577b3079bb3f0ae5779fb773/ruff-0.9.10-py3-none-win32.whl", hash = "sha256:bfb834e87c916521ce46b1788fbb8484966e5113c02df216680102e9eb960029", size = 10247401, upload-time = "2025-03-07T15:27:35.994Z" },
    { url = "https://files.pythonhosted.org/packages/4f/18/fb703603ab108e5c165f52f5b86ee2aa9be43bb781703ec87c66a5f5d604/ruff-0.9.10-py3-none-win_amd64.whl", hash = "sha256:f2160eeef3031bf4b17df74e307d4c5fb689a6f3a26a2de3f7ef4044e3c484f1", size = 11366360, upload-time = "2025-03-07T15:27:38.66Z" },
    { url = "https://files.pythonhosted.org/packages/35/85/338e603dc68e7d9994d5d84f24adbf69bae760ba5efd3e20f5ff2cec18da/ruff-0.9.10-py3-none-win_arm64.whl", hash = "sha256:5fd804c0327a5e5ea26615550e706942f348b197d5475ff34c19733aee4b2e69", size = 10436892, upload-time = "2025-03-07T15:27:41.687Z" },
]

[[package]]
name = "websockets"
version = "13.1"
source = { registry = "https://pypi.org/simple" }
sdist = { url = "https://files.pythonhosted.org/packages/e2/73/9223dbc7be3dcaf2a7bbf756c351ec8da04b1fa573edaf545b95f6b0c7fd/websockets-13.1.tar.gz", hash = "sha256:a3b3366087c1bc0a2795111edcadddb8b3b59509d5db5d7ea3fdd69f954a8878", size = 158549, upload-time = "2024-09-21T17:34:21.54Z" }
wheels = [
    { url = "https://files.pythonhosted.org/packages/51/20/2b99ca918e1cbd33c53db2cace5f0c0cd8296fc77558e1908799c712e1cd/websockets-13.1-cp313-cp313-macosx_10_13_universal2.whl", hash = "sha256:a9ab1e71d3d2e54a0aa646ab6d4eebfaa5f416fe78dfe4da2839525dc5d765c6", size = 157828, upload-time = "2024-09-21T17:33:10.987Z" },
    { url = "https://files.pythonhosted.org/packages/b8/47/0932a71d3d9c0e9483174f60713c84cee58d62839a143f21a2bcdbd2d205/websockets-13.1-cp313-cp313-macosx_10_13_x86_64.whl", hash = "sha256:b9d7439d7fab4dce00570bb906875734df13d9faa4b48e261c440a5fec6d9708", size = 155487, upload-time = "2024-09-21T17:33:12.153Z" },
    { url = "https://files.pythonhosted.org/packages/a9/60/f1711eb59ac7a6c5e98e5637fef5302f45b6f76a2c9d64fd83bbb341377a/websockets-13.1-cp313-cp313-macosx_11_0_arm64.whl", hash = "sha256:327b74e915cf13c5931334c61e1a41040e365d380f812513a255aa804b183418", size = 155721, upload-time = "2024-09-21T17:33:13.909Z" },
    { url = "https://files.pythonhosted.org/packages/6a/e6/ba9a8db7f9d9b0e5f829cf626ff32677f39824968317223605a6b419d445/websockets-13.1-cp313-cp313-manylinux_2_17_aarch64.manylinux2014_aarch64.whl", hash = "sha256:325b1ccdbf5e5725fdcb1b0e9ad4d2545056479d0eee392c291c1bf76206435a", size = 165609, upload-time = "2024-09-21T17:33:14.967Z" },
    { url = "https://files.pythonhosted.org/packages/c1/22/4ec80f1b9c27a0aebd84ccd857252eda8418ab9681eb571b37ca4c5e1305/websockets-13.1-cp313-cp313-manylinux_2_5_i686.manylinux1_i686.manylinux_2_17_i686.manylinux2014_i686.whl", hash = "sha256:346bee67a65f189e0e33f520f253d5147ab76ae42493804319b5716e46dddf0f", size = 164556, upload-time = "2024-09-21T17:33:17.113Z" },
    { url = "https://files.pythonhosted.org/packages/27/ac/35f423cb6bb15600438db80755609d27eda36d4c0b3c9d745ea12766c45e/websockets-13.1-cp313-cp313-manylinux_2_5_x86_64.manylinux1_x86_64.manylinux_2_17_x86_64.manylinux2014_x86_64.whl", hash = "sha256:91a0fa841646320ec0d3accdff5b757b06e2e5c86ba32af2e0815c96c7a603c5", size = 164993, upload-time = "2024-09-21T17:33:18.168Z" },
    { url = "https://files.pythonhosted.org/packages/31/4e/98db4fd267f8be9e52e86b6ee4e9aa7c42b83452ea0ea0672f176224b977/websockets-13.1-cp313-cp313-musllinux_1_2_aarch64.whl", hash = "sha256:18503d2c5f3943e93819238bf20df71982d193f73dcecd26c94514f417f6b135", size = 165360, upload-time = "2024-09-21T17:33:19.233Z" },
    { url = "https://files.pythonhosted.org/packages/3f/15/3f0de7cda70ffc94b7e7024544072bc5b26e2c1eb36545291abb755d8cdb/websockets-13.1-cp313-cp313-musllinux_1_2_i686.whl", hash = "sha256:a9cd1af7e18e5221d2878378fbc287a14cd527fdd5939ed56a18df8a31136bb2", size = 164745, upload-time = "2024-09-21T17:33:20.361Z" },
    { url = "https://files.pythonhosted.org/packages/a1/6e/66b6b756aebbd680b934c8bdbb6dcb9ce45aad72cde5f8a7208dbb00dd36/websockets-13.1-cp313-cp313-musllinux_1_2_x86_64.whl", hash = "sha256:70c5be9f416aa72aab7a2a76c90ae0a4fe2755c1816c153c1a2bcc3333ce4ce6", size = 164732, upload-time = "2024-09-21T17:33:23.103Z" },
    { url = "https://files.pythonhosted.org/packages/35/c6/12e3aab52c11aeb289e3dbbc05929e7a9d90d7a9173958477d3ef4f8ce2d/websockets-13.1-cp313-cp313-win32.whl", hash = "sha256:624459daabeb310d3815b276c1adef475b3e6804abaf2d9d2c061c319f7f187d", size = 158709, upload-time = "2024-09-21T17:33:24.196Z" },
    { url = "https://files.pythonhosted.org/packages/41/d8/63d6194aae711d7263df4498200c690a9c39fb437ede10f3e157a6343e0d/websockets-13.1-cp313-cp313-win_amd64.whl", hash = "sha256:c518e84bb59c2baae725accd355c8dc517b4a3ed8db88b4bc93c78dae2974bf2", size = 159144, upload-time = "2024-09-21T17:33:25.96Z" },
    { url = "https://files.pythonhosted.org/packages/56/27/96a5cd2626d11c8280656c6c71d8ab50fe006490ef9971ccd154e0c42cd2/websockets-13.1-py3-none-any.whl", hash = "sha256:a9a396a6ad26130cdae92ae10c36af09d9bfe6cafe69670fd3b6da9b07b4044f", size = 152134, upload-time = "2024-09-21T17:34:19.904Z" },
]
